
Microsoft Visual Studio Solution File, Format Version 12.00
# Visual Studio 15
VisualStudioVersion = 15.0.27004.2009
MinimumVisualStudioVersion = 10.0.40219.1
Project("{9A19103F-16F7-4668-BE54-9A1E7A4F7556}") = "Disney", "Disney\Disney.csproj", "{19BC2E9D-E966-45E2-AB74-C4AAFFAEB64B}"
EndProject
Project("{9A19103F-16F7-4668-BE54-9A1E7A4F7556}") = "DisneyTestConsole", "DisneyTestConsole\DisneyTestConsole.csproj", "{B72D5A8B-469F-4D54-B34A-0DAA7204871B}"
EndProject
Project("{9A19103F-16F7-4668-BE54-9A1E7A4F7556}") = "DisneyLambda", "DisneyLambda\DisneyLambda.csproj", "{B1166B5A-270A-4354-9BF2-76FFB1871866}"
EndProject
Global
	GlobalSection(SolutionConfigurationPlatforms) = preSolution
		Debug|Any CPU = Debug|Any CPU
		Release|Any CPU = Release|Any CPU
	EndGlobalSection
	GlobalSection(ProjectConfigurationPlatforms) = postSolution
		{19BC2E9D-E966-45E2-AB74-C4AAFFAEB64B}.Debug|Any CPU.ActiveCfg = Debug|Any CPU
		{19BC2E9D-E966-45E2-AB74-C4AAFFAEB64B}.Debug|Any CPU.Build.0 = Debug|Any CPU
		{19BC2E9D-E966-45E2-AB74-C4AAFFAEB64B}.Release|Any CPU.ActiveCfg = Release|Any CPU
		{19BC2E9D-E966-45E2-AB74-C4AAFFAEB64B}.Release|Any CPU.Build.0 = Release|Any CPU
		{B72D5A8B-469F-4D54-B34A-0DAA7204871B}.Debug|Any CPU.ActiveCfg = Debug|Any CPU
		{B72D5A8B-469F-4D54-B34A-0DAA7204871B}.Debug|Any CPU.Build.0 = Debug|Any CPU
		{B72D5A8B-469F-4D54-B34A-0DAA7204871B}.Release|Any CPU.ActiveCfg = Release|Any CPU
		{B72D5A8B-469F-4D54-B34A-0DAA7204871B}.Release|Any CPU.Build.0 = Release|Any CPU
		{B1166B5A-270A-4354-9BF2-76FFB1871866}.Debug|Any CPU.ActiveCfg = Debug|Any CPU
		{B1166B5A-270A-4354-9BF2-76FFB1871866}.Debug|Any CPU.Build.0 = Debug|Any CPU
		{B1166B5A-270A-4354-9BF2-76FFB1871866}.Release|Any CPU.ActiveCfg = Release|Any CPU
		{B1166B5A-270A-4354-9BF2-76FFB1871866}.Release|Any CPU.Build.0 = Release|Any CPU
	EndGlobalSection
	GlobalSection(SolutionProperties) = preSolution
		HideSolutionNode = FALSE
	EndGlobalSection
	GlobalSection(ExtensibilityGlobals) = postSolution
		SolutionGuid = {05292684-A5AC-4404-89CE-0B612B5958CC}
	EndGlobalSection
EndGlobal
